# This file was autogenerated by Stack.
# You should not edit this file by hand.
# For more information, please see the documentation at:
#   https://docs.haskellstack.org/en/stable/lock_files

packages:
- completed:
    hackage: preamble-0.0.61@sha256:a208d4dca1eccfeaa29b9eabc13b27bf69fa457e64efef2621c06ee991c46025,1516
    pantry-tree:
      size: 907
      sha256: 2396894564aac85c5e756c9e85d5d5d47e2ecd980b1d403738714b79f0efa89c
  original:
    hackage: preamble-0.0.61
snapshots:
- completed:
    size: 569901
    url: https://raw.githubusercontent.com/commercialhaskell/stackage-snapshots/master/lts/10/10.yaml
    sha256: 508f0089b680d551cb6cfe95c40e42241a373153f673de78f136040beb4937fa
  original: lts-10.10
